// !$*UTF8*$!
{
	archiveVersion = 1;
	classes = {
	};
	objectVersion = 46;
	objects = {

/* Begin PBXBuildFile section */
		F46C79821B26C9730040B2F2 /* Note.m in Sources */ = {isa = PBXBuildFile; fileRef = F46C79811B26C9730040B2F2 /* Note.m */; };
		F46C79851B26D0F00040B2F2 /* AddNoteViewController.m in Sources */ = {isa = PBXBuildFile; fileRef = F46C79841B26D0F00040B2F2 /* AddNoteViewController.m */; };
		F46C79881B26EF4B0040B2F2 /* NoteTableViewCell.m in Sources */ = {isa = PBXBuildFile; fileRef = F46C79871B26EF4B0040B2F2 /* NoteTableViewCell.m */; };
		F46C798C1B26EFAA0040B2F2 /* NSString+countTextSize.m in Sources */ = {isa = PBXBuildFile; fileRef = F46C798B1B26EFAA0040B2F2 /* NSString+countTextSize.m */; };
		F46C79B51B27BC980040B2F2 /* Info.plist in Resources */ = {isa = PBXBuildFile; fileRef = F46C799D1B27BC980040B2F2 /* Info.plist */; };
		F46C79B61B27BC980040B2F2 /* MASCompositeConstraint.m in Sources */ = {isa = PBXBuildFile; fileRef = F46C799F1B27BC980040B2F2 /* MASCompositeConstraint.m */; };
		F46C79B71B27BC980040B2F2 /* MASConstraint.m in Sources */ = {isa = PBXBuildFile; fileRef = F46C79A21B27BC980040B2F2 /* MASConstraint.m */; };
		F46C79B81B27BC980040B2F2 /* MASConstraintMaker.m in Sources */ = {isa = PBXBuildFile; fileRef = F46C79A41B27BC980040B2F2 /* MASConstraintMaker.m */; };
		F46C79B91B27BC980040B2F2 /* MASLayoutConstraint.m in Sources */ = {isa = PBXBuildFile; fileRef = F46C79A61B27BC980040B2F2 /* MASLayoutConstraint.m */; };
		F46C79BA1B27BC980040B2F2 /* MASViewAttribute.m in Sources */ = {isa = PBXBuildFile; fileRef = F46C79AA1B27BC980040B2F2 /* MASViewAttribute.m */; };
		F46C79BB1B27BC980040B2F2 /* MASViewConstraint.m in Sources */ = {isa = PBXBuildFile; fileRef = F46C79AC1B27BC980040B2F2 /* MASViewConstraint.m */; };
		F46C79BC1B27BC980040B2F2 /* NSArray+MASAdditions.m in Sources */ = {isa = PBXBuildFile; fileRef = F46C79AE1B27BC980040B2F2 /* NSArray+MASAdditions.m */; };
		F46C79BD1B27BC980040B2F2 /* NSLayoutConstraint+MASDebugAdditions.m in Sources */ = {isa = PBXBuildFile; fileRef = F46C79B11B27BC980040B2F2 /* NSLayoutConstraint+MASDebugAdditions.m */; };
		F46C79BE1B27BC980040B2F2 /* View+MASAdditions.m in Sources */ = {isa = PBXBuildFile; fileRef = F46C79B31B27BC980040B2F2 /* View+MASAdditions.m */; };
		F488C2561B1D950F00346F3C /* main.m in Sources */ = {isa = PBXBuildFile; fileRef = F488C2551B1D950F00346F3C /* main.m */; };
		F488C2591B1D950F00346F3C /* AppDelegate.m in Sources */ = {isa = PBXBuildFile; fileRef = F488C2581B1D950F00346F3C /* AppDelegate.m */; };
		F488C25C1B1D950F00346F3C /* ViewController.m in Sources */ = {isa = PBXBuildFile; fileRef = F488C25B1B1D950F00346F3C /* ViewController.m */; };
		F488C25F1B1D950F00346F3C /* Main.storyboard in Resources */ = {isa = PBXBuildFile; fileRef = F488C25D1B1D950F00346F3C /* Main.storyboard */; };
		F488C2611B1D950F00346F3C /* Images.xcassets in Resources */ = {isa = PBXBuildFile; fileRef = F488C2601B1D950F00346F3C /* Images.xcassets */; };
		F488C2641B1D950F00346F3C /* LaunchScreen.xib in Resources */ = {isa = PBXBuildFile; fileRef = F488C2621B1D950F00346F3C /* LaunchScreen.xib */; };
		F488C2701B1D950F00346F3C /* noteTests.m in Sources */ = {isa = PBXBuildFile; fileRef = F488C26F1B1D950F00346F3C /* noteTests.m */; };
		F494269F1B248B4100E4C9A1 /* NoteViewController.m in Sources */ = {isa = PBXBuildFile; fileRef = F494269E1B248B4100E4C9A1 /* NoteViewController.m */; };
		F4AD6D441B2819E500C765E3 /* FMMoveTableView.m in Sources */ = {isa = PBXBuildFile; fileRef = F4AD6D411B2819E500C765E3 /* FMMoveTableView.m */; };
		F4AD6D451B2819E500C765E3 /* FMMoveTableViewCell.m in Sources */ = {isa = PBXBuildFile; fileRef = F4AD6D431B2819E500C765E3 /* FMMoveTableViewCell.m */; };
/* End PBXBuildFile section */

/* Begin PBXContainerItemProxy section */
		F488C26A1B1D950F00346F3C /* PBXContainerItemProxy */ = {
			isa = PBXContainerItemProxy;
			containerPortal = F488C2481B1D950F00346F3C /* Project object */;
			proxyType = 1;
			remoteGlobalIDString = F488C24F1B1D950F00346F3C;
			remoteInfo = note;
		};
/* End PBXContainerItemProxy section */

/* Begin PBXFileReference section */
		F46C79801B26C9730040B2F2 /* Note.h */ = {isa = PBXFileReference; fileEncoding = 4; lastKnownFileType = sourcecode.c.h; path = Note.h; sourceTree = "<group>"; };
		F46C79811B26C9730040B2F2 /* Note.m */ = {isa = PBXFileReference; fileEncoding = 4; lastKnownFileType = sourcecode.c.objc; path = Note.m; sourceTree = "<group>"; };
		F46C79831B26D0F00040B2F2 /* AddNoteViewController.h */ = {isa = PBXFileReference; fileEncoding = 4; lastKnownFileType = sourcecode.c.h; path = AddNoteViewController.h; sourceTree = "<group>"; };
		F46C79841B26D0F00040B2F2 /* AddNoteViewController.m */ = {isa = PBXFileReference; fileEncoding = 4; lastKnownFileType = sourcecode.c.objc; path = AddNoteViewController.m; sourceTree = "<group>"; };
		F46C79861B26EF4B0040B2F2 /* NoteTableViewCell.h */ = {isa = PBXFileReference; fileEncoding = 4; lastKnownFileType = sourcecode.c.h; path = NoteTableViewCell.h; sourceTree = "<group>"; };
		F46C79871B26EF4B0040B2F2 /* NoteTableViewCell.m */ = {isa = PBXFileReference; fileEncoding = 4; lastKnownFileType = sourcecode.c.objc; path = NoteTableViewCell.m; sourceTree = "<group>"; };
		F46C798A1B26EFAA0040B2F2 /* NSString+countTextSize.h */ = {isa = PBXFileReference; fileEncoding = 4; lastKnownFileType = sourcecode.c.h; path = "NSString+countTextSize.h"; sourceTree = "<group>"; };
		F46C798B1B26EFAA0040B2F2 /* NSString+countTextSize.m */ = {isa = PBXFileReference; fileEncoding = 4; lastKnownFileType = sourcecode.c.objc; path = "NSString+countTextSize.m"; sourceTree = "<group>"; };
		F46C799D1B27BC980040B2F2 /* Info.plist */ = {isa = PBXFileReference; fileEncoding = 4; lastKnownFileType = text.plist.xml; path = Info.plist; sourceTree = "<group>"; };
		F46C799E1B27BC980040B2F2 /* MASCompositeConstraint.h */ = {isa = PBXFileReference; fileEncoding = 4; lastKnownFileType = sourcecode.c.h; path = MASCompositeConstraint.h; sourceTree = "<group>"; };
		F46C799F1B27BC980040B2F2 /* MASCompositeConstraint.m */ = {isa = PBXFileReference; fileEncoding = 4; lastKnownFileType = sourcecode.c.objc; path = MASCompositeConstraint.m; sourceTree = "<group>"; };
		F46C79A01B27BC980040B2F2 /* MASConstraint+Private.h */ = {isa = PBXFileReference; fileEncoding = 4; lastKnownFileType = sourcecode.c.h; path = "MASConstraint+Private.h"; sourceTree = "<group>"; };
		F46C79A11B27BC980040B2F2 /* MASConstraint.h */ = {isa = PBXFileReference; fileEncoding = 4; lastKnownFileType = sourcecode.c.h; path = MASConstraint.h; sourceTree = "<group>"; };
		F46C79A21B27BC980040B2F2 /* MASConstraint.m */ = {isa = PBXFileReference; fileEncoding = 4; lastKnownFileType = sourcecode.c.objc; path = MASConstraint.m; sourceTree = "<group>"; };
		F46C79A31B27BC980040B2F2 /* MASConstraintMaker.h */ = {isa = PBXFileReference; fileEncoding = 4; lastKnownFileType = sourcecode.c.h; path = MASConstraintMaker.h; sourceTree = "<group>"; };
		F46C79A41B27BC980040B2F2 /* MASConstraintMaker.m */ = {isa = PBXFileReference; fileEncoding = 4; lastKnownFileType = sourcecode.c.objc; path = MASConstraintMaker.m; sourceTree = "<group>"; };
		F46C79A51B27BC980040B2F2 /* MASLayoutConstraint.h */ = {isa = PBXFileReference; fileEncoding = 4; lastKnownFileType = sourcecode.c.h; path = MASLayoutConstraint.h; sourceTree = "<group>"; };
		F46C79A61B27BC980040B2F2 /* MASLayoutConstraint.m */ = {isa = PBXFileReference; fileEncoding = 4; lastKnownFileType = sourcecode.c.objc; path = MASLayoutConstraint.m; sourceTree = "<group>"; };
		F46C79A71B27BC980040B2F2 /* Masonry.h */ = {isa = PBXFileReference; fileEncoding = 4; lastKnownFileType = sourcecode.c.h; path = Masonry.h; sourceTree = "<group>"; };
		F46C79A81B27BC980040B2F2 /* MASUtilities.h */ = {isa = PBXFileReference; fileEncoding = 4; lastKnownFileType = sourcecode.c.h; path = MASUtilities.h; sourceTree = "<group>"; };
		F46C79A91B27BC980040B2F2 /* MASViewAttribute.h */ = {isa = PBXFileReference; fileEncoding = 4; lastKnownFileType = sourcecode.c.h; path = MASViewAttribute.h; sourceTree = "<group>"; };
		F46C79AA1B27BC980040B2F2 /* MASViewAttribute.m */ = {isa = PBXFileReference; fileEncoding = 4; lastKnownFileType = sourcecode.c.objc; path = MASViewAttribute.m; sourceTree = "<group>"; };
		F46C79AB1B27BC980040B2F2 /* MASViewConstraint.h */ = {isa = PBXFileReference; fileEncoding = 4; lastKnownFileType = sourcecode.c.h; path = MASViewConstraint.h; sourceTree = "<group>"; };
		F46C79AC1B27BC980040B2F2 /* MASViewConstraint.m */ = {isa = PBXFileReference; fileEncoding = 4; lastKnownFileType = sourcecode.c.objc; path = MASViewConstraint.m; sourceTree = "<group>"; };
		F46C79AD1B27BC980040B2F2 /* NSArray+MASAdditions.h */ = {isa = PBXFileReference; fileEncoding = 4; lastKnownFileType = sourcecode.c.h; path = "NSArray+MASAdditions.h"; sourceTree = "<group>"; };
		F46C79AE1B27BC980040B2F2 /* NSArray+MASAdditions.m */ = {isa = PBXFileReference; fileEncoding = 4; lastKnownFileType = sourcecode.c.objc; path = "NSArray+MASAdditions.m"; sourceTree = "<group>"; };
		F46C79AF1B27BC980040B2F2 /* NSArray+MASShorthandAdditions.h */ = {isa = PBXFileReference; fileEncoding = 4; lastKnownFileType = sourcecode.c.h; path = "NSArray+MASShorthandAdditions.h"; sourceTree = "<group>"; };
		F46C79B01B27BC980040B2F2 /* NSLayoutConstraint+MASDebugAdditions.h */ = {isa = PBXFileReference; fileEncoding = 4; lastKnownFileType = sourcecode.c.h; path = "NSLayoutConstraint+MASDebugAdditions.h"; sourceTree = "<group>"; };
		F46C79B11B27BC980040B2F2 /* NSLayoutConstraint+MASDebugAdditions.m */ = {isa = PBXFileReference; fileEncoding = 4; lastKnownFileType = sourcecode.c.objc; path = "NSLayoutConstraint+MASDebugAdditions.m"; sourceTree = "<group>"; };
		F46C79B21B27BC980040B2F2 /* View+MASAdditions.h */ = {isa = PBXFileReference; fileEncoding = 4; lastKnownFileType = sourcecode.c.h; path = "View+MASAdditions.h"; sourceTree = "<group>"; };
		F46C79B31B27BC980040B2F2 /* View+MASAdditions.m */ = {isa = PBXFileReference; fileEncoding = 4; lastKnownFileType = sourcecode.c.objc; path = "View+MASAdditions.m"; sourceTree = "<group>"; };
		F46C79B41B27BC980040B2F2 /* View+MASShorthandAdditions.h */ = {isa = PBXFileReference; fileEncoding = 4; lastKnownFileType = sourcecode.c.h; path = "View+MASShorthandAdditions.h"; sourceTree = "<group>"; };
		F488C2501B1D950F00346F3C /* note.app */ = {isa = PBXFileReference; explicitFileType = wrapper.application; includeInIndex = 0; path = note.app; sourceTree = BUILT_PRODUCTS_DIR; };
		F488C2541B1D950F00346F3C /* Info.plist */ = {isa = PBXFileReference; lastKnownFileType = text.plist.xml; path = Info.plist; sourceTree = "<group>"; };
		F488C2551B1D950F00346F3C /* main.m */ = {isa = PBXFileReference; lastKnownFileType = sourcecode.c.objc; path = main.m; sourceTree = "<group>"; };
		F488C2571B1D950F00346F3C /* AppDelegate.h */ = {isa = PBXFileReference; lastKnownFileType = sourcecode.c.h; path = AppDelegate.h; sourceTree = "<group>"; };
		F488C2581B1D950F00346F3C /* AppDelegate.m */ = {isa = PBXFileReference; lastKnownFileType = sourcecode.c.objc; path = AppDelegate.m; sourceTree = "<group>"; };
		F488C25A1B1D950F00346F3C /* ViewController.h */ = {isa = PBXFileReference; lastKnownFileType = sourcecode.c.h; path = ViewController.h; sourceTree = "<group>"; };
		F488C25B1B1D950F00346F3C /* ViewController.m */ = {isa = PBXFileReference; lastKnownFileType = sourcecode.c.objc; path = ViewController.m; sourceTree = "<group>"; };
		F488C25E1B1D950F00346F3C /* Base */ = {isa = PBXFileReference; lastKnownFileType = file.storyboard; name = Base; path = Base.lproj/Main.storyboard; sourceTree = "<group>"; };
		F488C2601B1D950F00346F3C /* Images.xcassets */ = {isa = PBXFileReference; lastKnownFileType = folder.assetcatalog; path = Images.xcassets; sourceTree = "<group>"; };
		F488C2631B1D950F00346F3C /* Base */ = {isa = PBXFileReference; lastKnownFileType = file.xib; name = Base; path = Base.lproj/LaunchScreen.xib; sourceTree = "<group>"; };
		F488C2691B1D950F00346F3C /* noteTests.xctest */ = {isa = PBXFileReference; explicitFileType = wrapper.cfbundle; includeInIndex = 0; path = noteTests.xctest; sourceTree = BUILT_PRODUCTS_DIR; };
		F488C26E1B1D950F00346F3C /* Info.plist */ = {isa = PBXFileReference; lastKnownFileType = text.plist.xml; path = Info.plist; sourceTree = "<group>"; };
		F488C26F1B1D950F00346F3C /* noteTests.m */ = {isa = PBXFileReference; lastKnownFileType = sourcecode.c.objc; path = noteTests.m; sourceTree = "<group>"; };
		F494269D1B248B4100E4C9A1 /* NoteViewController.h */ = {isa = PBXFileReference; fileEncoding = 4; lastKnownFileType = sourcecode.c.h; path = NoteViewController.h; sourceTree = "<group>"; };
		F494269E1B248B4100E4C9A1 /* NoteViewController.m */ = {isa = PBXFileReference; fileEncoding = 4; lastKnownFileType = sourcecode.c.objc; path = NoteViewController.m; sourceTree = "<group>"; };
		F4AD6D401B2819E500C765E3 /* FMMoveTableView.h */ = {isa = PBXFileReference; fileEncoding = 4; lastKnownFileType = sourcecode.c.h; path = FMMoveTableView.h; sourceTree = "<group>"; };
		F4AD6D411B2819E500C765E3 /* FMMoveTableView.m */ = {isa = PBXFileReference; fileEncoding = 4; lastKnownFileType = sourcecode.c.objc; path = FMMoveTableView.m; sourceTree = "<group>"; };
		F4AD6D421B2819E500C765E3 /* FMMoveTableViewCell.h */ = {isa = PBXFileReference; fileEncoding = 4; lastKnownFileType = sourcecode.c.h; path = FMMoveTableViewCell.h; sourceTree = "<group>"; };
		F4AD6D431B2819E500C765E3 /* FMMoveTableViewCell.m */ = {isa = PBXFileReference; fileEncoding = 4; lastKnownFileType = sourcecode.c.objc; path = FMMoveTableViewCell.m; sourceTree = "<group>"; };
/* End PBXFileReference section */

/* Begin PBXFrameworksBuildPhase section */
		F488C24D1B1D950F00346F3C /* Frameworks */ = {
			isa = PBXFrameworksBuildPhase;
			buildActionMask = 2147483647;
			files = (
			);
			runOnlyForDeploymentPostprocessing = 0;
		};
		F488C2661B1D950F00346F3C /* Frameworks */ = {
			isa = PBXFrameworksBuildPhase;
			buildActionMask = 2147483647;
			files = (
			);
			runOnlyForDeploymentPostprocessing = 0;
		};
/* End PBXFrameworksBuildPhase section */

/* Begin PBXGroup section */
		F46C797C1B269AA00040B2F2 /* Control */ = {
			isa = PBXGroup;
			children = (
				F488C25A1B1D950F00346F3C /* ViewController.h */,
				F488C25B1B1D950F00346F3C /* ViewController.m */,
				F494269D1B248B4100E4C9A1 /* NoteViewController.h */,
				F494269E1B248B4100E4C9A1 /* NoteViewController.m */,
				F46C79831B26D0F00040B2F2 /* AddNoteViewController.h */,
				F46C79841B26D0F00040B2F2 /* AddNoteViewController.m */,
			);
			name = Control;
			sourceTree = "<group>";
		};
		F46C797D1B269AA80040B2F2 /* Other */ = {
			isa = PBXGroup;
			children = (
				F488C2571B1D950F00346F3C /* AppDelegate.h */,
				F488C2581B1D950F00346F3C /* AppDelegate.m */,
			);
			name = Other;
			sourceTree = "<group>";
		};
		F46C797E1B269AAB0040B2F2 /* Medol */ = {
			isa = PBXGroup;
			children = (
				F46C79801B26C9730040B2F2 /* Note.h */,
				F46C79811B26C9730040B2F2 /* Note.m */,
			);
			name = Medol;
			sourceTree = "<group>";
		};
		F46C797F1B269AAD0040B2F2 /* View */ = {
			isa = PBXGroup;
			children = (
				F46C79861B26EF4B0040B2F2 /* NoteTableViewCell.h */,
				F46C79871B26EF4B0040B2F2 /* NoteTableViewCell.m */,
			);
			name = View;
			sourceTree = "<group>";
		};
		F46C79891B26EFAA0040B2F2 /* NSStringCategory */ = {
			isa = PBXGroup;
			children = (
				F46C798A1B26EFAA0040B2F2 /* NSString+countTextSize.h */,
				F46C798B1B26EFAA0040B2F2 /* NSString+countTextSize.m */,
			);
			path = NSStringCategory;
			sourceTree = "<group>";
		};
		F46C799C1B27BC980040B2F2 /* Masonry */ = {
			isa = PBXGroup;
			children = (
				F46C799D1B27BC980040B2F2 /* Info.plist */,
				F46C799E1B27BC980040B2F2 /* MASCompositeConstraint.h */,
				F46C799F1B27BC980040B2F2 /* MASCompositeConstraint.m */,
				F46C79A01B27BC980040B2F2 /* MASConstraint+Private.h */,
				F46C79A11B27BC980040B2F2 /* MASConstraint.h */,
				F46C79A21B27BC980040B2F2 /* MASConstraint.m */,
				F46C79A31B27BC980040B2F2 /* MASConstraintMaker.h */,
				F46C79A41B27BC980040B2F2 /* MASConstraintMaker.m */,
				F46C79A51B27BC980040B2F2 /* MASLayoutConstraint.h */,
				F46C79A61B27BC980040B2F2 /* MASLayoutConstraint.m */,
				F46C79A71B27BC980040B2F2 /* Masonry.h */,
				F46C79A81B27BC980040B2F2 /* MASUtilities.h */,
				F46C79A91B27BC980040B2F2 /* MASViewAttribute.h */,
				F46C79AA1B27BC980040B2F2 /* MASViewAttribute.m */,
				F46C79AB1B27BC980040B2F2 /* MASViewConstraint.h */,
				F46C79AC1B27BC980040B2F2 /* MASViewConstraint.m */,
				F46C79AD1B27BC980040B2F2 /* NSArray+MASAdditions.h */,
				F46C79AE1B27BC980040B2F2 /* NSArray+MASAdditions.m */,
				F46C79AF1B27BC980040B2F2 /* NSArray+MASShorthandAdditions.h */,
				F46C79B01B27BC980040B2F2 /* NSLayoutConstraint+MASDebugAdditions.h */,
				F46C79B11B27BC980040B2F2 /* NSLayoutConstraint+MASDebugAdditions.m */,
				F46C79B21B27BC980040B2F2 /* View+MASAdditions.h */,
				F46C79B31B27BC980040B2F2 /* View+MASAdditions.m */,
				F46C79B41B27BC980040B2F2 /* View+MASShorthandAdditions.h */,
			);
			path = Masonry;
			sourceTree = "<group>";
		};
		F488C2471B1D950F00346F3C = {
			isa = PBXGroup;
			children = (
				F488C2521B1D950F00346F3C /* note */,
				F488C26C1B1D950F00346F3C /* noteTests */,
				F488C2511B1D950F00346F3C /* Products */,
			);
			sourceTree = "<group>";
		};
		F488C2511B1D950F00346F3C /* Products */ = {
			isa = PBXGroup;
			children = (
				F488C2501B1D950F00346F3C /* note.app */,
				F488C2691B1D950F00346F3C /* noteTests.xctest */,
			);
			name = Products;
			sourceTree = "<group>";
		};
		F488C2521B1D950F00346F3C /* note */ = {
			isa = PBXGroup;
			children = (
				F4AD6D3F1B2819E500C765E3 /* FMFramework */,
				F46C799C1B27BC980040B2F2 /* Masonry */,
				F46C79891B26EFAA0040B2F2 /* NSStringCategory */,
				F46C797D1B269AA80040B2F2 /* Other */,
				F46C797E1B269AAB0040B2F2 /* Medol */,
				F46C797F1B269AAD0040B2F2 /* View */,
				F46C797C1B269AA00040B2F2 /* Control */,
				F488C25D1B1D950F00346F3C /* Main.storyboard */,
				F488C2601B1D950F00346F3C /* Images.xcassets */,
				F488C2621B1D950F00346F3C /* LaunchScreen.xib */,
				F488C2531B1D950F00346F3C /* Supporting Files */,
			);
			path = note;
			sourceTree = "<group>";
		};
		F488C2531B1D950F00346F3C /* Supporting Files */ = {
			isa = PBXGroup;
			children = (
				F488C2541B1D950F00346F3C /* Info.plist */,
				F488C2551B1D950F00346F3C /* main.m */,
			);
			name = "Supporting Files";
			sourceTree = "<group>";
		};
		F488C26C1B1D950F00346F3C /* noteTests */ = {
			isa = PBXGroup;
			children = (
				F488C26F1B1D950F00346F3C /* noteTests.m */,
				F488C26D1B1D950F00346F3C /* Supporting Files */,
			);
			path = noteTests;
			sourceTree = "<group>";
		};
		F488C26D1B1D950F00346F3C /* Supporting Files */ = {
			isa = PBXGroup;
			children = (
				F488C26E1B1D950F00346F3C /* Info.plist */,
			);
			name = "Supporting Files";
			sourceTree = "<group>";
		};
		F4AD6D3F1B2819E500C765E3 /* FMFramework */ = {
			isa = PBXGroup;
			children = (
				F4AD6D401B2819E500C765E3 /* FMMoveTableView.h */,
				F4AD6D411B2819E500C765E3 /* FMMoveTableView.m */,
				F4AD6D421B2819E500C765E3 /* FMMoveTableViewCell.h */,
				F4AD6D431B2819E500C765E3 /* FMMoveTableViewCell.m */,
			);
			path = FMFramework;
			sourceTree = "<group>";
		};
/* End PBXGroup section */

/* Begin PBXNativeTarget section */
		F488C24F1B1D950F00346F3C /* note */ = {
			isa = PBXNativeTarget;
			buildConfigurationList = F488C2731B1D950F00346F3C /* Build configuration list for PBXNativeTarget "note" */;
			buildPhases = (
				F488C24C1B1D950F00346F3C /* Sources */,
				F488C24D1B1D950F00346F3C /* Frameworks */,
				F488C24E1B1D950F00346F3C /* Resources */,
			);
			buildRules = (
			);
			dependencies = (
			);
			name = note;
			productName = note;
			productReference = F488C2501B1D950F00346F3C /* note.app */;
			productType = "com.apple.product-type.application";
		};
		F488C2681B1D950F00346F3C /* noteTests */ = {
			isa = PBXNativeTarget;
			buildConfigurationList = F488C2761B1D950F00346F3C /* Build configuration list for PBXNativeTarget "noteTests" */;
			buildPhases = (
				F488C2651B1D950F00346F3C /* Sources */,
				F488C2661B1D950F00346F3C /* Frameworks */,
				F488C2671B1D950F00346F3C /* Resources */,
			);
			buildRules = (
			);
			dependencies = (
				F488C26B1B1D950F00346F3C /* PBXTargetDependency */,
			);
			name = noteTests;
			productName = noteTests;
			productReference = F488C2691B1D950F00346F3C /* noteTests.xctest */;
			productType = "com.apple.product-type.bundle.unit-test";
		};
/* End PBXNativeTarget section */

/* Begin PBXProject section */
		F488C2481B1D950F00346F3C /* Project object */ = {
			isa = PBXProject;
			attributes = {
				LastUpgradeCheck = 0630;
				ORGANIZATIONNAME = " 李俊";
				TargetAttributes = {
					F488C24F1B1D950F00346F3C = {
						CreatedOnToolsVersion = 6.3.2;
					};
					F488C2681B1D950F00346F3C = {
						CreatedOnToolsVersion = 6.3.2;
						TestTargetID = F488C24F1B1D950F00346F3C;
					};
				};
			};
			buildConfigurationList = F488C24B1B1D950F00346F3C /* Build configuration list for PBXProject "note" */;
			compatibilityVersion = "Xcode 3.2";
			developmentRegion = English;
			hasScannedForEncodings = 0;
			knownRegions = (
				en,
				Base,
			);
			mainGroup = F488C2471B1D950F00346F3C;
			productRefGroup = F488C2511B1D950F00346F3C /* Products */;
			projectDirPath = "";
			projectRoot = "";
			targets = (
				F488C24F1B1D950F00346F3C /* note */,
				F488C2681B1D950F00346F3C /* noteTests */,
			);
		};
/* End PBXProject section */

/* Begin PBXResourcesBuildPhase section */
		F488C24E1B1D950F00346F3C /* Resources */ = {
			isa = PBXResourcesBuildPhase;
			buildActionMask = 2147483647;
			files = (
				F46C79B51B27BC980040B2F2 /* Info.plist in Resources */,
				F488C25F1B1D950F00346F3C /* Main.storyboard in Resources */,
				F488C2641B1D950F00346F3C /* LaunchScreen.xib in Resources */,
				F488C2611B1D950F00346F3C /* Images.xcassets in Resources */,
			);
			runOnlyForDeploymentPostprocessing = 0;
		};
		F488C2671B1D950F00346F3C /* Resources */ = {
			isa = PBXResourcesBuildPhase;
			buildActionMask = 2147483647;
			files = (
			);
			runOnlyForDeploymentPostprocessing = 0;
		};
/* End PBXResourcesBuildPhase section */

/* Begin PBXSourcesBuildPhase section */
		F488C24C1B1D950F00346F3C /* Sources */ = {
			isa = PBXSourcesBuildPhase;
			buildActionMask = 2147483647;
			files = (
				F46C79851B26D0F00040B2F2 /* AddNoteViewController.m in Sources */,
				F46C79821B26C9730040B2F2 /* Note.m in Sources */,
				F46C79BC1B27BC980040B2F2 /* NSArray+MASAdditions.m in Sources */,
				F46C79881B26EF4B0040B2F2 /* NoteTableViewCell.m in Sources */,
				F4AD6D451B2819E500C765E3 /* FMMoveTableViewCell.m in Sources */,
				F494269F1B248B4100E4C9A1 /* NoteViewController.m in Sources */,
				F46C79BE1B27BC980040B2F2 /* View+MASAdditions.m in Sources */,
				F46C79B91B27BC980040B2F2 /* MASLayoutConstraint.m in Sources */,
				F46C79B71B27BC980040B2F2 /* MASConstraint.m in Sources */,
				F46C79BD1B27BC980040B2F2 /* NSLayoutConstraint+MASDebugAdditions.m in Sources */,
				F4AD6D441B2819E500C765E3 /* FMMoveTableView.m in Sources */,
				F46C79B61B27BC980040B2F2 /* MASCompositeConstraint.m in Sources */,
				F488C25C1B1D950F00346F3C /* ViewController.m in Sources */,
				F488C2591B1D950F00346F3C /* AppDelegate.m in Sources */,
				F488C2561B1D950F00346F3C /* main.m in Sources */,
				F46C79B81B27BC980040B2F2 /* MASConstraintMaker.m in Sources */,
				F46C79BB1B27BC980040B2F2 /* MASViewConstraint.m in Sources */,
				F46C798C1B26EFAA0040B2F2 /* NSString+countTextSize.m in Sources */,
				F46C79BA1B27BC980040B2F2 /* MASViewAttribute.m in Sources */,
			);
			runOnlyForDeploymentPostprocessing = 0;
		};
		F488C2651B1D950F00346F3C /* Sources */ = {
			isa = PBXSourcesBuildPhase;
			buildActionMask = 2147483647;
			files = (
				F488C2701B1D950F00346F3C /* noteTests.m in Sources */,
			);
			runOnlyForDeploymentPostprocessing = 0;
		};
/* End PBXSourcesBuildPhase section */

/* Begin PBXTargetDependency section */
		F488C26B1B1D950F00346F3C /* PBXTargetDependency */ = {
			isa = PBXTargetDependency;
			target = F488C24F1B1D950F00346F3C /* note */;
			targetProxy = F488C26A1B1D950F00346F3C /* PBXContainerItemProxy */;
		};
/* End PBXTargetDependency section */

/* Begin PBXVariantGroup section */
		F488C25D1B1D950F00346F3C /* Main.storyboard */ = {
			isa = PBXVariantGroup;
			children = (
				F488C25E1B1D950F00346F3C /* Base */,
			);
			name = Main.storyboard;
			sourceTree = "<group>";
		};
		F488C2621B1D950F00346F3C /* LaunchScreen.xib */ = {
			isa = PBXVariantGroup;
			children = (
				F488C2631B1D950F00346F3C /* Base */,
			);
			name = LaunchScreen.xib;
			sourceTree = "<group>";
		};
/* End PBXVariantGroup section */

/* Begin XCBuildConfiguration section */
		F488C2711B1D950F00346F3C /* Debug */ = {
			isa = XCBuildConfiguration;
			buildSettings = {
				ALWAYS_SEARCH_USER_PATHS = NO;
				CLANG_CXX_LANGUAGE_STANDARD = "gnu++0x";
				CLANG_CXX_LIBRARY = "libc++";
				CLANG_ENABLE_MODULES = YES;
				CLANG_ENABLE_OBJC_ARC = YES;
				CLANG_WARN_BOOL_CONVERSION = YES;
				CLANG_WARN_CONSTANT_CONVERSION = YES;
				CLANG_WARN_DIRECT_OBJC_ISA_USAGE = YES_ERROR;
				CLANG_WARN_EMPTY_BODY = YES;
				CLANG_WARN_ENUM_CONVERSION = YES;
				CLANG_WARN_INT_CONVERSION = YES;
				CLANG_WARN_OBJC_ROOT_CLASS = YES_ERROR;
				CLANG_WARN_UNREACHABLE_CODE = YES;
				CLANG_WARN__DUPLICATE_METHOD_MATCH = YES;
				"CODE_SIGN_IDENTITY[sdk=iphoneos*]" = "iPhone Developer";
				COPY_PHASE_STRIP = NO;
				DEBUG_INFORMATION_FORMAT = "dwarf-with-dsym";
				ENABLE_STRICT_OBJC_MSGSEND = YES;
				GCC_C_LANGUAGE_STANDARD = gnu99;
				GCC_DYNAMIC_NO_PIC = NO;
				GCC_NO_COMMON_BLOCKS = YES;
				GCC_OPTIMIZATION_LEVEL = 0;
				GCC_PREPROCESSOR_DEFINITIONS = (
					"DEBUG=1",
					"$(inherited)",
				);
				GCC_SYMBOLS_PRIVATE_EXTERN = NO;
				GCC_WARN_64_TO_32_BIT_CONVERSION = YES;
				GCC_WARN_ABOUT_RETURN_TYPE = YES_ERROR;
				GCC_WARN_UNDECLARED_SELECTOR = YES;
				GCC_WARN_UNINITIALIZED_AUTOS = YES_AGGRESSIVE;
				GCC_WARN_UNUSED_FUNCTION = YES;
				GCC_WARN_UNUSED_VARIABLE = YES;
				IPHONEOS_DEPLOYMENT_TARGET = 8.3;
				MTL_ENABLE_DEBUG_INFO = YES;
				ONLY_ACTIVE_ARCH = YES;
				SDKROOT = iphoneos;
			};
			name = Debug;
		};
		F488C2721B1D950F00346F3C /* Release */ = {
			isa = XCBuildConfiguration;
			buildSettings = {
				ALWAYS_SEARCH_USER_PATHS = NO;
				CLANG_CXX_LANGUAGE_STANDARD = "gnu++0x";
				CLANG_CXX_LIBRARY = "libc++";
				CLANG_ENABLE_MODULES = YES;
				CLANG_ENABLE_OBJC_ARC = YES;
				CLANG_WARN_BOOL_CONVERSION = YES;
				CLANG_WARN_CONSTANT_CONVERSION = YES;
				CLANG_WARN_DIRECT_OBJC_ISA_USAGE = YES_ERROR;
				CLANG_WARN_EMPTY_BODY = YES;
				CLANG_WARN_ENUM_CONVERSION = YES;
				CLANG_WARN_INT_CONVERSION = YES;
				CLANG_WARN_OBJC_ROOT_CLASS = YES_ERROR;
				CLANG_WARN_UNREACHABLE_CODE = YES;
				CLANG_WARN__DUPLICATE_METHOD_MATCH = YES;
				"CODE_SIGN_IDENTITY[sdk=iphoneos*]" = "iPhone Developer";
				COPY_PHASE_STRIP = NO;
				DEBUG_INFORMATION_FORMAT = "dwarf-with-dsym";
				ENABLE_NS_ASSERTIONS = NO;
				ENABLE_STRICT_OBJC_MSGSEND = YES;
				GCC_C_LANGUAGE_STANDARD = gnu99;
				GCC_NO_COMMON_BLOCKS = YES;
				GCC_WARN_64_TO_32_BIT_CONVERSION = YES;
				GCC_WARN_ABOUT_RETURN_TYPE = YES_ERROR;
				GCC_WARN_UNDECLARED_SELECTOR = YES;
				GCC_WARN_UNINITIALIZED_AUTOS = YES_AGGRESSIVE;
				GCC_WARN_UNUSED_FUNCTION = YES;
				GCC_WARN_UNUSED_VARIABLE = YES;
				IPHONEOS_DEPLOYMENT_TARGET = 8.3;
				MTL_ENABLE_DEBUG_INFO = NO;
				SDKROOT = iphoneos;
				VALIDATE_PRODUCT = YES;
			};
			name = Release;
		};
		F488C2741B1D950F00346F3C /* Debug */ = {
			isa = XCBuildConfiguration;
			buildSettings = {
				ASSETCATALOG_COMPILER_APPICON_NAME = AppIcon;
				INFOPLIST_FILE = note/Info.plist;
				LD_RUNPATH_SEARCH_PATHS = "$(inherited) @executable_path/Frameworks";
				PRODUCT_NAME = "$(TARGET_NAME)";
				TARGETED_DEVICE_FAMILY = "1,2";
			};
			name = Debug;
		};
		F488C2751B1D950F00346F3C /* Release */ = {
			isa = XCBuildConfiguration;
			buildSettings = {
				ASSETCATALOG_COMPILER_APPICON_NAME = AppIcon;
				INFOPLIST_FILE = note/Info.plist;
				LD_RUNPATH_SEARCH_PATHS = "$(inherited) @executable_path/Frameworks";
				PRODUCT_NAME = "$(TARGET_NAME)";
				TARGETED_DEVICE_FAMILY = "1,2";
			};
			name = Release;
		};
		F488C2771B1D950F00346F3C /* Debug */ = {
			isa = XCBuildConfiguration;
			buildSettings = {
				BUNDLE_LOADER = "$(TEST_HOST)";
				FRAMEWORK_SEARCH_PATHS = (
					"$(SDKROOT)/Developer/Library/Frameworks",
					"$(inherited)",
				);
				GCC_PREPROCESSOR_DEFINITIONS = (
					"DEBUG=1",
					"$(inherited)",
				);
				INFOPLIST_FILE = noteTests/Info.plist;
				LD_RUNPATH_SEARCH_PATHS = "$(inherited) @executable_path/Frameworks @loader_path/Frameworks";
				PRODUCT_NAME = "$(TARGET_NAME)";
				TEST_HOST = "$(BUILT_PRODUCTS_DIR)/note.app/note";
			};
			name = Debug;
		};
		F488C2781B1D950F00346F3C /* Release */ = {
			isa = XCBuildConfiguration;
			buildSettings = {
				BUNDLE_LOADER = "$(TEST_HOST)";
				FRAMEWORK_SEARCH_PATHS = (
					"$(SDKROOT)/Developer/Library/Frameworks",
					"$(inherited)",
				);
				INFOPLIST_FILE = noteTests/Info.plist;
				LD_RUNPATH_SEARCH_PATHS = "$(inherited) @executable_path/Frameworks @loader_path/Frameworks";
				PRODUCT_NAME = "$(TARGET_NAME)";
				TEST_HOST = "$(BUILT_PRODUCTS_DIR)/note.app/note";
			};
			name = Release;
		};
/* End XCBuildConfiguration section */

/* Begin XCConfigurationList section */
		F488C24B1B1D950F00346F3C /* Build configuration list for PBXProject "note" */ = {
			isa = XCConfigurationList;
			buildConfigurations = (
				F488C2711B1D950F00346F3C /* Debug */,
				F488C2721B1D950F00346F3C /* Release */,
			);
			defaultConfigurationIsVisible = 0;
			defaultConfigurationName = Release;
		};
		F488C2731B1D950F00346F3C /* Build configuration list for PBXNativeTarget "note" */ = {
			isa = XCConfigurationList;
			buildConfigurations = (
				F488C2741B1D950F00346F3C /* Debug */,
				F488C2751B1D950F00346F3C /* Release */,
			);
			defaultConfigurationIsVisible = 0;
			defaultConfigurationName = Release;
		};
		F488C2761B1D950F00346F3C /* Build configuration list for PBXNativeTarget "noteTests" */ = {
			isa = XCConfigurationList;
			buildConfigurations = (
				F488C2771B1D950F00346F3C /* Debug */,
				F488C2781B1D950F00346F3C /* Release */,
			);
			defaultConfigurationIsVisible = 0;
			defaultConfigurationName = Release;
		};
/* End XCConfigurationList section */
	};
	rootObject = F488C2481B1D950F00346F3C /* Project object */;
}
